
Microsoft Visual Studio Solution File, Format Version 12.00
# Visual Studio Version 16
VisualStudioVersion = 16.0.31005.135
MinimumVisualStudioVersion = 10.0.40219.1
Project("{FAE04EC0-301F-11D3-BF4B-00C04F79EFBC}") = "LabTask-5", "LabTask-5.csproj", "{3E6E6F55-12C2-40D0-A789-F6BB52D17E26}"
EndProject
Global
	GlobalSection(SolutionConfigurationPlatforms) = preSolution
		Debug|Any CPU = Debug|Any CPU
		Release|Any CPU = Release|Any CPU
	EndGlobalSection
	GlobalSection(ProjectConfigurationPlatforms) = postSolution
		{3E6E6F55-12C2-40D0-A789-F6BB52D17E26}.Debug|Any CPU.ActiveCfg = Debug|Any CPU
		{3E6E6F55-12C2-40D0-A789-F6BB52D17E26}.Debug|Any CPU.Build.0 = Debug|Any CPU
		{3E6E6F55-12C2-40D0-A789-F6BB52D17E26}.Release|Any CPU.ActiveCfg = Release|Any CPU
		{3E6E6F55-12C2-40D0-A789-F6BB52D17E26}.Release|Any CPU.Build.0 = Release|Any CPU
	EndGlobalSection
	GlobalSection(SolutionProperties) = preSolution
		HideSolutionNode = FALSE
	EndGlobalSection
	GlobalSection(ExtensibilityGlobals) = postSolution
		SolutionGuid = {0B37249F-9F87-490D-8187-857F50155B7D}
	EndGlobalSection
EndGlobal
